
Microsoft Visual Studio Solution File, Format Version 12.00
# Visual Studio Version 16
VisualStudioVersion = 16.0.30621.305
MinimumVisualStudioVersion = 10.0.40219.1
Project("{9A19103F-16F7-4668-BE54-9A1E7A4F7556}") = "CSharpGeneratorRunner", "CSharpGenerator\CSharpGeneratorRunner.csproj", "{C524B91D-FE29-472A-B052-A9477CA0C075}"
EndProject
Project("{2150E333-8FDC-42A3-9474-1A3956D46DE8}") = "V1.6", "V1.6", "{AFDB3F72-EDF0-4D34-985C-956488119C64}"
EndProject
Project("{9A19103F-16F7-4668-BE54-9A1E7A4F7556}") = "OCPP.V16", "V1.6\OCPP.V16\OCPP.V16.csproj", "{F183E7B4-4380-4246-88DF-86F2E5483109}"
EndProject
Project("{2150E333-8FDC-42A3-9474-1A3956D46DE8}") = "V2.0.1", "V2.0.1", "{CE7F0F03-4BE5-49BF-89C2-767B89612E95}"
EndProject
Project("{9A19103F-16F7-4668-BE54-9A1E7A4F7556}") = "TestChargePoint", "V1.6\TestChargePoint\TestChargePoint.csproj", "{7D1E0C3D-74D2-472A-BFFA-18FEC12C1B07}"
EndProject
Project("{9A19103F-16F7-4668-BE54-9A1E7A4F7556}") = "OCPP.V201", "V2.0.1\OCPP.V201\OCPP.V201.csproj", "{50258253-BD47-401B-A9E6-3BC728D45144}"
EndProject
Global
	GlobalSection(SolutionConfigurationPlatforms) = preSolution
		Debug|Any CPU = Debug|Any CPU
		Release|Any CPU = Release|Any CPU
	EndGlobalSection
	GlobalSection(ProjectConfigurationPlatforms) = postSolution
		{C524B91D-FE29-472A-B052-A9477CA0C075}.Debug|Any CPU.ActiveCfg = Debug|Any CPU
		{C524B91D-FE29-472A-B052-A9477CA0C075}.Debug|Any CPU.Build.0 = Debug|Any CPU
		{C524B91D-FE29-472A-B052-A9477CA0C075}.Release|Any CPU.ActiveCfg = Release|Any CPU
		{C524B91D-FE29-472A-B052-A9477CA0C075}.Release|Any CPU.Build.0 = Release|Any CPU
		{F183E7B4-4380-4246-88DF-86F2E5483109}.Debug|Any CPU.ActiveCfg = Debug|Any CPU
		{F183E7B4-4380-4246-88DF-86F2E5483109}.Debug|Any CPU.Build.0 = Debug|Any CPU
		{F183E7B4-4380-4246-88DF-86F2E5483109}.Release|Any CPU.ActiveCfg = Release|Any CPU
		{F183E7B4-4380-4246-88DF-86F2E5483109}.Release|Any CPU.Build.0 = Release|Any CPU
		{7D1E0C3D-74D2-472A-BFFA-18FEC12C1B07}.Debug|Any CPU.ActiveCfg = Debug|Any CPU
		{7D1E0C3D-74D2-472A-BFFA-18FEC12C1B07}.Debug|Any CPU.Build.0 = Debug|Any CPU
		{7D1E0C3D-74D2-472A-BFFA-18FEC12C1B07}.Release|Any CPU.ActiveCfg = Release|Any CPU
		{7D1E0C3D-74D2-472A-BFFA-18FEC12C1B07}.Release|Any CPU.Build.0 = Release|Any CPU
		{50258253-BD47-401B-A9E6-3BC728D45144}.Debug|Any CPU.ActiveCfg = Debug|Any CPU
		{50258253-BD47-401B-A9E6-3BC728D45144}.Debug|Any CPU.Build.0 = Debug|Any CPU
		{50258253-BD47-401B-A9E6-3BC728D45144}.Release|Any CPU.ActiveCfg = Release|Any CPU
		{50258253-BD47-401B-A9E6-3BC728D45144}.Release|Any CPU.Build.0 = Release|Any CPU
	EndGlobalSection
	GlobalSection(SolutionProperties) = preSolution
		HideSolutionNode = FALSE
	EndGlobalSection
	GlobalSection(NestedProjects) = preSolution
		{F183E7B4-4380-4246-88DF-86F2E5483109} = {AFDB3F72-EDF0-4D34-985C-956488119C64}
		{7D1E0C3D-74D2-472A-BFFA-18FEC12C1B07} = {AFDB3F72-EDF0-4D34-985C-956488119C64}
		{50258253-BD47-401B-A9E6-3BC728D45144} = {CE7F0F03-4BE5-49BF-89C2-767B89612E95}
	EndGlobalSection
	GlobalSection(ExtensibilityGlobals) = postSolution
		SolutionGuid = {8075D65A-EA72-4BB7-AA68-92239A9770A8}
	EndGlobalSection
EndGlobal
